<Project xmlns="http://schemas.microsoft.com/developer/msbuild/2003">
    <PropertyGroup>
        <ProjectGuid>{A1B2C3D4-E5F6-7890-ABCD-EF1234567890}</ProjectGuid>
        <ProjectVersion>20.3</ProjectVersion>
        <FrameworkType>FMX</FrameworkType>
        <MainSource>SampleApp.dpr</MainSource>
        <Base>True</Base>
        <Config Condition="'$(Config)'==''">Debug</Config>
        <Platform Condition="'$(Platform)'==''">Win32</Platform>
        <ProjectName Condition="'$(ProjectName)'==''">SampleApp</ProjectName>
        <TargetedPlatforms>3</TargetedPlatforms>
        <AppType>Application</AppType>
    </PropertyGroup>
    <PropertyGroup Condition="'$(Config)'=='Base' or '$(Base)'!=''">
        <Base>true</Base>
    </PropertyGroup>
    <PropertyGroup Condition="('$(Platform)'=='Win32' and '$(Base)'=='true') or '$(Base_Win32)'!=''">
        <Base_Win32>true</Base_Win32>
        <CfgParent>Base</CfgParent>
        <Base>true</Base>
    </PropertyGroup>
    <PropertyGroup Condition="('$(Platform)'=='Win64' and '$(Base)'=='true') or '$(Base_Win64)'!=''">
        <Base_Win64>true</Base_Win64>
        <CfgParent>Base</CfgParent>
        <Base>true</Base>
    </PropertyGroup>
    <PropertyGroup Condition="'$(Config)'=='Debug' or '$(Cfg_1)'!=''">
        <Cfg_1>true</Cfg_1>
        <CfgParent>Base</CfgParent>
        <Base>true</Base>
    </PropertyGroup>
    <PropertyGroup Condition="('$(Platform)'=='Win32' and '$(Cfg_1)'=='true') or '$(Cfg_1_Win32)'!=''">
        <Cfg_1_Win32>true</Cfg_1_Win32>
        <CfgParent>Cfg_1</CfgParent>
        <Cfg_1>true</Cfg_1>
        <Base>true</Base>
    </PropertyGroup>
    <PropertyGroup Condition="'$(Config)'=='Release' or '$(Cfg_2)'!=''">
        <Cfg_2>true</Cfg_2>
        <CfgParent>Base</CfgParent>
        <Base>true</Base>
    </PropertyGroup>
    <PropertyGroup Condition="'$(Base)'==''">
        <DCC_UnitSearchPath>..\..\Lib\TemplateForms;$(DCC_UnitSearchPath)</DCC_UnitSearchPath>
    </PropertyGroup>
    <PropertyGroup Condition="'$(Base)'!=''">
        <DCC_DcuOutput>.\$(Platform)\$(Config)</DCC_DcuOutput>
        <DCC_ExeOutput>.\$(Platform)\$(Config)</DCC_ExeOutput>
        <DCC_NamespacePrefix></DCC_NamespacePrefix>
        <VerInfo_Keys>CompanyName=;FileDescription=CamPLM Sample Application;FileVersion=1.0.0.0;InternalName=;LegalCopyright=;LegalTrademarks=;OriginalFilename=;ProductName=CamPLM Sample;ProductVersion=1.0.0.0;Comments=;</VerInfo_Keys>
        <VerInfo_Locale>1033</VerInfo_Locale>
        <DCC_UsePackage>FireDACCommonDriver;FireDACSQLiteDriver;FireDACCommon;FireDAC;$(DCC_UsePackage)</DCC_UsePackage>
        <DCC_UnitSearchPath>..\TemplateForms;$(DCC_UnitSearchPath)</DCC_UnitSearchPath>
    </PropertyGroup>
    <ItemGroup>
        <DelphiCompile Include="$(MainSource)">
            <MainSource>MainSource</MainSource>
        </DelphiCompile>
        <DCCReference Include="uSampleForm.pas">
            <Form>SampleForm</Form>
        </DCCReference>
        <DCCReference Include="..\TemplateForms\TemplateForm.pas">
            <Form>TemplateFormInstance</Form>
        </DCCReference>
        <DCCReference Include="..\TemplateForms\FormDataModel.pas"/>
        <DCCReference Include="..\TemplateForms\FormController.pas"/>
        <DCCReference Include="..\TemplateForms\LangComponent.pas"/>
        <DCCReference Include="..\TemplateForms\ListBoxHelper.pas"/>
        <DCCReference Include="..\TemplateForms\StringGridHelper.pas"/>
        <BuildConfiguration Include="Debug">
            <Key>Cfg_1</Key>
            <CfgParent>Base</CfgParent>
        </BuildConfiguration>
        <BuildConfiguration Include="Base">
            <Key>Base</Key>
        </BuildConfiguration>
        <BuildConfiguration Include="Release">
            <Key>Cfg_2</Key>
            <CfgParent>Base</CfgParent>
        </BuildConfiguration>
    </ItemGroup>
    <ProjectExtensions>
        <Borland.Personality>Delphi.Personality.12</Borland.Personality>
        <Borland.ProjectType/>
        <BorlandProject>
            <Delphi.Personality/>
        </BorlandProject>
        <ProjectFileVersion>12</ProjectFileVersion>
    </ProjectExtensions>
    <Import Project="$(BDS)\Bin\CodeGear.Delphi.Targets" Condition="Exists('$(BDS)\Bin\CodeGear.Delphi.Targets')"/>
    <Import Project="$(APPDATA)\Embarcadero\$(BDSAPPDATASUBDIR)\UserTools.proj" Condition="Exists('$(APPDATA)\Embarcadero\$(BDSAPPDATASUBDIR)\UserTools.proj')"/>
</Project>
